
Microsoft Visual Studio Solution File, Format Version 12.00
# Visual Studio Version 17
VisualStudioVersion = 17.4.33205.214
MinimumVisualStudioVersion = 10.0.40219.1
Project("{FAE04EC0-301F-11D3-BF4B-00C04F79EFBC}") = "Project3", "Project3\Project3.csproj", "{F6587FC8-E13A-48DC-A8D4-D39678BDD5F2}"
EndProject
Global
	GlobalSection(SolutionConfigurationPlatforms) = preSolution
		Debug|Any CPU = Debug|Any CPU
		Release|Any CPU = Release|Any CPU
	EndGlobalSection
	GlobalSection(ProjectConfigurationPlatforms) = postSolution
		{F6587FC8-E13A-48DC-A8D4-D39678BDD5F2}.Debug|Any CPU.ActiveCfg = Debug|Any CPU
		{F6587FC8-E13A-48DC-A8D4-D39678BDD5F2}.Debug|Any CPU.Build.0 = Debug|Any CPU
		{F6587FC8-E13A-48DC-A8D4-D39678BDD5F2}.Release|Any CPU.ActiveCfg = Release|Any CPU
		{F6587FC8-E13A-48DC-A8D4-D39678BDD5F2}.Release|Any CPU.Build.0 = Release|Any CPU
	EndGlobalSection
	GlobalSection(SolutionProperties) = preSolution
		HideSolutionNode = FALSE
	EndGlobalSection
	GlobalSection(ExtensibilityGlobals) = postSolution
		SolutionGuid = {C7C677BC-3355-431D-92EF-A3DE4B33ED2C}
	EndGlobalSection
EndGlobal
